
Microsoft Visual Studio Solution File, Format Version 12.00
# Visual Studio Version 16
VisualStudioVersion = 16.0.30717.126
MinimumVisualStudioVersion = 10.0.40219.1
Project("{9A19103F-16F7-4668-BE54-9A1E7A4F7556}") = "ASPCoreTutorial", "ASPCoreTutorial.csproj", "{A0169AEA-893E-468A-BAF4-84008C301706}"
EndProject
Global
	GlobalSection(SolutionConfigurationPlatforms) = preSolution
		Debug|Any CPU = Debug|Any CPU
		Release|Any CPU = Release|Any CPU
	EndGlobalSection
	GlobalSection(ProjectConfigurationPlatforms) = postSolution
		{A0169AEA-893E-468A-BAF4-84008C301706}.Debug|Any CPU.ActiveCfg = Debug|Any CPU
		{A0169AEA-893E-468A-BAF4-84008C301706}.Debug|Any CPU.Build.0 = Debug|Any CPU
		{A0169AEA-893E-468A-BAF4-84008C301706}.Release|Any CPU.ActiveCfg = Release|Any CPU
		{A0169AEA-893E-468A-BAF4-84008C301706}.Release|Any CPU.Build.0 = Release|Any CPU
	EndGlobalSection
	GlobalSection(SolutionProperties) = preSolution
		HideSolutionNode = FALSE
	EndGlobalSection
	GlobalSection(ExtensibilityGlobals) = postSolution
		SolutionGuid = {1DE6228C-7ABE-455C-9478-04B6FC47B436}
	EndGlobalSection
EndGlobal
